schema: '2.0'
stages:
  recup_raw_data:
    cmd: python src/data/recup_raw_data.py
    deps:
    - path: config.py
      hash: md5
      md5: 1dbcc353d103154ab921a31fd97dc224
      size: 496
    - path: src/data/recup_raw_data.py
      hash: md5
      md5: 36864bc65db40d9e1df1f9da4a17450e
      size: 2345
    outs:
    - path: data/raw
      hash: md5
      md5: 40dc0d47337a60b5e9a33a0f03f00384.dir
      size: 16789272
      nfiles: 1
  preprocessing:
    cmd: python src/data/preprocessing.py
    deps:
    - path: config.py
      hash: md5
      md5: 1dbcc353d103154ab921a31fd97dc224
      size: 496
    - path: data/raw
      hash: md5
      md5: 40dc0d47337a60b5e9a33a0f03f00384.dir
      size: 16789272
      nfiles: 1
    - path: src/data/preprocessing.py
      hash: md5
      md5: a8cf7a7cbe5a4ae4bcdc2dc17edfb14e
      size: 7295
    outs:
    - path: data/processed
      hash: md5
      md5: 4ae5a2fa5844056b65252e0b0b91ab41.dir
      size: 21638475
      nfiles: 1
  modelisation:
    cmd: python src/models/modelisation.py
    deps:
    - path: config.py
      hash: md5
      md5: 1dbcc353d103154ab921a31fd97dc224
      size: 496
    - path: data/processed
      hash: md5
      md5: 4ae5a2fa5844056b65252e0b0b91ab41.dir
      size: 21638475
      nfiles: 1
    - path: src/models/modelisation.py
      hash: md5
      md5: 0413839e5159c997b159ac86feba4f89
      size: 3853
    outs:
    - path: models
      hash: md5
      md5: a380f0c90596951aceb1b9b3d757744c.dir
      size: 424148741
      nfiles: 1
    - path: outputs/metrics.json
      hash: md5
      md5: ca55d0807cb9326f5f5b4ff2a5251a18
      size: 63
