schema: '2.0'
stages:
  recup_raw_data:
    cmd: python src/data/recup_raw_data.py
    deps:
    - path: config.py
      hash: md5
      md5: 1dbcc353d103154ab921a31fd97dc224
      size: 496
    - path: src/data/recup_raw_data.py
      hash: md5
      md5: 5aa52f3abe0503ed61078fc336cf778c
      size: 4284
    outs:
    - path: data/raw
      hash: md5
      md5: 5e1c8a4968529c64860f50853477fdb1.dir
      size: 16789272
      nfiles: 1
  preprocessing:
    cmd: python src/data/preprocessing.py
    deps:
    - path: config.py
      hash: md5
      md5: 1dbcc353d103154ab921a31fd97dc224
      size: 496
    - path: data/raw
      hash: md5
      md5: 5e1c8a4968529c64860f50853477fdb1.dir
      size: 16789272
      nfiles: 1
    - path: src/data/preprocessing.py
      hash: md5
      md5: 2953dda8e81051675d56d81d706c05ee
      size: 10067
    outs:
    - path: data/processed
      hash: md5
      md5: e480b797b652a3abca19ac3d82b99d92.dir
      size: 21897676
      nfiles: 1
  modelisation:
    cmd: python src/models/modelisation.py
    deps:
    - path: config.py
      hash: md5
      md5: 1dbcc353d103154ab921a31fd97dc224
      size: 496
    - path: data/processed
      hash: md5
      md5: e480b797b652a3abca19ac3d82b99d92.dir
      size: 21897676
      nfiles: 1
    - path: src/models/modelisation.py
      hash: md5
      md5: 60b05eada49a1fc6324204bbbcc44348
      size: 5906
    outs:
    - path: models
      hash: md5
      md5: 048bb4c9bae7dbe29f4caca0ea896765.dir
      size: 422505713
      nfiles: 2
    - path: outputs/metrics.json
      hash: md5
      md5: 25ab85bf4aa3acca5b46c706532c3954
      size: 63
