schema: '2.0'
stages:
  recup_raw_data:
    cmd: python3 src/data/recup_raw_data.py
    deps:
    - path: config.py
      hash: md5
      md5: 1dbcc353d103154ab921a31fd97dc224
      size: 496
    - path: src/data/recup_raw_data.py
      hash: md5
      md5: 3b9bd4b0c80b855199212819b1b9008e
      size: 4526
    outs:
    - path: data/raw
      hash: md5
      md5: 4b32f69aa13c3896718a414a37f32398.dir
      size: 16789272
      nfiles: 1
  preprocessing:
    cmd: python3 src/data/preprocessing.py
    deps:
    - path: config.py
      hash: md5
      md5: 1dbcc353d103154ab921a31fd97dc224
      size: 496
    - path: data/raw
      hash: md5
      md5: 4b32f69aa13c3896718a414a37f32398.dir
      size: 16789272
      nfiles: 1
    - path: src/data/preprocessing.py
      hash: md5
      md5: 2953dda8e81051675d56d81d706c05ee
      size: 10067
    outs:
    - path: data/processed
      hash: md5
      md5: c07fc44eeca489ecc9dc5e7d48948706.dir
      size: 21992684
      nfiles: 1
  modelisation:
    cmd: python3 src/models/modelisation.py
    deps:
    - path: config.py
      hash: md5
      md5: 1dbcc353d103154ab921a31fd97dc224
      size: 496
    - path: data/processed
      hash: md5
      md5: c07fc44eeca489ecc9dc5e7d48948706.dir
      size: 21992684
      nfiles: 1
    - path: src/models/modelisation.py
      hash: md5
      md5: 60b05eada49a1fc6324204bbbcc44348
      size: 5906
    outs:
    - path: models
      hash: md5
      md5: 5b6133fa319bf09f0132f11ca8c29542.dir
      size: 424025633
      nfiles: 2
    - path: outputs/metrics.json
      hash: md5
      md5: 7c6f6207882420491d206909fb71524f
      size: 64
